
Microsoft Visual Studio Solution File, Format Version 12.00
# Visual Studio 15
VisualStudioVersion = 15.0.27703.1
MinimumVisualStudioVersion = 10.0.40219.1
Project("{FAE04EC0-301F-11D3-BF4B-00C04F79EFBC}") = "WpfTestMailSender", "WpfTestMailSender\WpfTestMailSender.csproj", "{95D984C7-B6E0-47CD-8FB4-95949C830FCF}"
EndProject
Project("{FAE04EC0-301F-11D3-BF4B-00C04F79EFBC}") = "WpfMailSender", "WpfMailSender\WpfMailSender.csproj", "{A878BE45-4C8D-4266-943E-B8CCFE81F10F}"
EndProject
Project("{FAE04EC0-301F-11D3-BF4B-00C04F79EFBC}") = "LibMailSender", "LibMailSender\LibMailSender.csproj", "{5A5B90B6-10BA-4DBE-A379-31CA4ADD7081}"
EndProject
Project("{FAE04EC0-301F-11D3-BF4B-00C04F79EFBC}") = "LibMailSender.Tests", "Tests\LibMailSender.Tests\LibMailSender.Tests.csproj", "{6A71565D-4CD8-4586-8DD9-9F3F1B3BCF32}"
EndProject
Global
	GlobalSection(SolutionConfigurationPlatforms) = preSolution
		Debug|Any CPU = Debug|Any CPU
		Release|Any CPU = Release|Any CPU
	EndGlobalSection
	GlobalSection(ProjectConfigurationPlatforms) = postSolution
		{95D984C7-B6E0-47CD-8FB4-95949C830FCF}.Debug|Any CPU.ActiveCfg = Debug|Any CPU
		{95D984C7-B6E0-47CD-8FB4-95949C830FCF}.Debug|Any CPU.Build.0 = Debug|Any CPU
		{95D984C7-B6E0-47CD-8FB4-95949C830FCF}.Release|Any CPU.ActiveCfg = Release|Any CPU
		{95D984C7-B6E0-47CD-8FB4-95949C830FCF}.Release|Any CPU.Build.0 = Release|Any CPU
		{A878BE45-4C8D-4266-943E-B8CCFE81F10F}.Debug|Any CPU.ActiveCfg = Debug|Any CPU
		{A878BE45-4C8D-4266-943E-B8CCFE81F10F}.Debug|Any CPU.Build.0 = Debug|Any CPU
		{A878BE45-4C8D-4266-943E-B8CCFE81F10F}.Release|Any CPU.ActiveCfg = Release|Any CPU
		{A878BE45-4C8D-4266-943E-B8CCFE81F10F}.Release|Any CPU.Build.0 = Release|Any CPU
		{5A5B90B6-10BA-4DBE-A379-31CA4ADD7081}.Debug|Any CPU.ActiveCfg = Debug|Any CPU
		{5A5B90B6-10BA-4DBE-A379-31CA4ADD7081}.Debug|Any CPU.Build.0 = Debug|Any CPU
		{5A5B90B6-10BA-4DBE-A379-31CA4ADD7081}.Release|Any CPU.ActiveCfg = Release|Any CPU
		{5A5B90B6-10BA-4DBE-A379-31CA4ADD7081}.Release|Any CPU.Build.0 = Release|Any CPU
		{6A71565D-4CD8-4586-8DD9-9F3F1B3BCF32}.Debug|Any CPU.ActiveCfg = Debug|Any CPU
		{6A71565D-4CD8-4586-8DD9-9F3F1B3BCF32}.Debug|Any CPU.Build.0 = Debug|Any CPU
		{6A71565D-4CD8-4586-8DD9-9F3F1B3BCF32}.Release|Any CPU.ActiveCfg = Release|Any CPU
		{6A71565D-4CD8-4586-8DD9-9F3F1B3BCF32}.Release|Any CPU.Build.0 = Release|Any CPU
	EndGlobalSection
	GlobalSection(SolutionProperties) = preSolution
		HideSolutionNode = FALSE
	EndGlobalSection
	GlobalSection(ExtensibilityGlobals) = postSolution
		SolutionGuid = {7F58AA07-8838-4D9F-8283-EE123A5DBEBB}
	EndGlobalSection
EndGlobal
